
Microsoft Visual Studio Solution File, Format Version 12.00
# Visual Studio Version 17
VisualStudioVersion = 17.0.32112.339
MinimumVisualStudioVersion = 10.0.40219.1
Project("{8BC9CEB8-8B4A-11D0-8D11-00A0C91BC942}") = "Davis_PA5", "Davis_PA5\Davis_PA5.vcxproj", "{C164E354-E6E6-4203-9D93-551BCA3097BC}"
EndProject
Global
	GlobalSection(SolutionConfigurationPlatforms) = preSolution
		Debug|x64 = Debug|x64
		Debug|x86 = Debug|x86
		Release|x64 = Release|x64
		Release|x86 = Release|x86
	EndGlobalSection
	GlobalSection(ProjectConfigurationPlatforms) = postSolution
		{C164E354-E6E6-4203-9D93-551BCA3097BC}.Debug|x64.ActiveCfg = Debug|x64
		{C164E354-E6E6-4203-9D93-551BCA3097BC}.Debug|x64.Build.0 = Debug|x64
		{C164E354-E6E6-4203-9D93-551BCA3097BC}.Debug|x86.ActiveCfg = Debug|Win32
		{C164E354-E6E6-4203-9D93-551BCA3097BC}.Debug|x86.Build.0 = Debug|Win32
		{C164E354-E6E6-4203-9D93-551BCA3097BC}.Release|x64.ActiveCfg = Release|x64
		{C164E354-E6E6-4203-9D93-551BCA3097BC}.Release|x64.Build.0 = Release|x64
		{C164E354-E6E6-4203-9D93-551BCA3097BC}.Release|x86.ActiveCfg = Release|Win32
		{C164E354-E6E6-4203-9D93-551BCA3097BC}.Release|x86.Build.0 = Release|Win32
	EndGlobalSection
	GlobalSection(SolutionProperties) = preSolution
		HideSolutionNode = FALSE
	EndGlobalSection
	GlobalSection(ExtensibilityGlobals) = postSolution
		SolutionGuid = {0CC138FF-CCDF-41E4-99A3-71850721813A}
	EndGlobalSection
EndGlobal
